
Microsoft Visual Studio Solution File, Format Version 12.00
# Visual Studio Version 16
VisualStudioVersion = 16.0.31005.135
MinimumVisualStudioVersion = 10.0.40219.1
Project("{FAE04EC0-301F-11D3-BF4B-00C04F79EFBC}") = "üçkod", "üçkod\üçkod.csproj", "{BFAD7351-16BA-4892-8457-705B5669566F}"
EndProject
Global
	GlobalSection(SolutionConfigurationPlatforms) = preSolution
		Debug|Any CPU = Debug|Any CPU
		Release|Any CPU = Release|Any CPU
	EndGlobalSection
	GlobalSection(ProjectConfigurationPlatforms) = postSolution
		{BFAD7351-16BA-4892-8457-705B5669566F}.Debug|Any CPU.ActiveCfg = Debug|Any CPU
		{BFAD7351-16BA-4892-8457-705B5669566F}.Debug|Any CPU.Build.0 = Debug|Any CPU
		{BFAD7351-16BA-4892-8457-705B5669566F}.Release|Any CPU.ActiveCfg = Release|Any CPU
		{BFAD7351-16BA-4892-8457-705B5669566F}.Release|Any CPU.Build.0 = Release|Any CPU
	EndGlobalSection
	GlobalSection(SolutionProperties) = preSolution
		HideSolutionNode = FALSE
	EndGlobalSection
	GlobalSection(ExtensibilityGlobals) = postSolution
		SolutionGuid = {05943F6E-2D78-4AB6-8EE5-84630A7E66C7}
	EndGlobalSection
EndGlobal
