
Microsoft Visual Studio Solution File, Format Version 12.00
# Visual Studio Version 16
VisualStudioVersion = 16.0.31005.135
MinimumVisualStudioVersion = 10.0.40219.1
Project("{FAE04EC0-301F-11D3-BF4B-00C04F79EFBC}") = "formlarArasıGEÇİŞ", "formlarArasıGEÇİŞ\formlarArasıGEÇİŞ.csproj", "{E43259A3-A923-4B90-AEA8-64FE03030116}"
EndProject
Global
	GlobalSection(SolutionConfigurationPlatforms) = preSolution
		Debug|Any CPU = Debug|Any CPU
		Release|Any CPU = Release|Any CPU
	EndGlobalSection
	GlobalSection(ProjectConfigurationPlatforms) = postSolution
		{E43259A3-A923-4B90-AEA8-64FE03030116}.Debug|Any CPU.ActiveCfg = Debug|Any CPU
		{E43259A3-A923-4B90-AEA8-64FE03030116}.Debug|Any CPU.Build.0 = Debug|Any CPU
		{E43259A3-A923-4B90-AEA8-64FE03030116}.Release|Any CPU.ActiveCfg = Release|Any CPU
		{E43259A3-A923-4B90-AEA8-64FE03030116}.Release|Any CPU.Build.0 = Release|Any CPU
	EndGlobalSection
	GlobalSection(SolutionProperties) = preSolution
		HideSolutionNode = FALSE
	EndGlobalSection
	GlobalSection(ExtensibilityGlobals) = postSolution
		SolutionGuid = {70D5BC1E-294C-488C-A6CA-9A5F49325BCA}
	EndGlobalSection
EndGlobal
