
Microsoft Visual Studio Solution File, Format Version 12.00
# Visual Studio Version 16
VisualStudioVersion = 16.0.31112.23
MinimumVisualStudioVersion = 10.0.40219.1
Project("{FAE04EC0-301F-11D3-BF4B-00C04F79EFBC}") = "formlarArasıVeriTaşıma", "formlarArasıVeriTaşıma\formlarArasıVeriTaşıma.csproj", "{5AA4FFE7-0D87-4F1A-BACB-02B9B66237BD}"
EndProject
Global
	GlobalSection(SolutionConfigurationPlatforms) = preSolution
		Debug|Any CPU = Debug|Any CPU
		Release|Any CPU = Release|Any CPU
	EndGlobalSection
	GlobalSection(ProjectConfigurationPlatforms) = postSolution
		{5AA4FFE7-0D87-4F1A-BACB-02B9B66237BD}.Debug|Any CPU.ActiveCfg = Debug|Any CPU
		{5AA4FFE7-0D87-4F1A-BACB-02B9B66237BD}.Debug|Any CPU.Build.0 = Debug|Any CPU
		{5AA4FFE7-0D87-4F1A-BACB-02B9B66237BD}.Release|Any CPU.ActiveCfg = Release|Any CPU
		{5AA4FFE7-0D87-4F1A-BACB-02B9B66237BD}.Release|Any CPU.Build.0 = Release|Any CPU
	EndGlobalSection
	GlobalSection(SolutionProperties) = preSolution
		HideSolutionNode = FALSE
	EndGlobalSection
	GlobalSection(ExtensibilityGlobals) = postSolution
		SolutionGuid = {01152C85-A4DC-479E-80E4-A85C2B0B3DAA}
	EndGlobalSection
EndGlobal
